
Microsoft Visual Studio Solution File, Format Version 12.00
# Visual Studio Version 16
VisualStudioVersion = 16.0.30413.136
MinimumVisualStudioVersion = 10.0.40219.1
Project("{FAE04EC0-301F-11D3-BF4B-00C04F79EFBC}") = "OOP07", "OOP07.csproj", "{2EC0D836-F4DA-4D18-81E8-9A9AE05E5B7D}"
EndProject
Global
	GlobalSection(SolutionConfigurationPlatforms) = preSolution
		Debug|Any CPU = Debug|Any CPU
		Release|Any CPU = Release|Any CPU
	EndGlobalSection
	GlobalSection(ProjectConfigurationPlatforms) = postSolution
		{2EC0D836-F4DA-4D18-81E8-9A9AE05E5B7D}.Debug|Any CPU.ActiveCfg = Debug|Any CPU
		{2EC0D836-F4DA-4D18-81E8-9A9AE05E5B7D}.Debug|Any CPU.Build.0 = Debug|Any CPU
		{2EC0D836-F4DA-4D18-81E8-9A9AE05E5B7D}.Release|Any CPU.ActiveCfg = Release|Any CPU
		{2EC0D836-F4DA-4D18-81E8-9A9AE05E5B7D}.Release|Any CPU.Build.0 = Release|Any CPU
	EndGlobalSection
	GlobalSection(SolutionProperties) = preSolution
		HideSolutionNode = FALSE
	EndGlobalSection
	GlobalSection(ExtensibilityGlobals) = postSolution
		SolutionGuid = {330DA277-DB47-4BC0-B637-DD030C073DA1}
	EndGlobalSection
EndGlobal
